{
    "_meta": {
        "hash": {
            "sha256": "850d4f0b08c8a24ea73eec6c41c0b09bd533303868273b9b49ba3e4e6dff687e"
        },
        "pipfile-spec": 6,
        "requires": {
            "python_version": "3.8"
        },
        "sources": [
            {
                "name": "pypi",
                "url": "https://pypi.org/simple",
                "verify_ssl": true
            }
        ]
    },
    "default": {
        "appdirs": {
            "hashes": [
                "sha256:7d5d0167b2b1ba821647616af46a749d1c653740dd0d2415100fe26e27afdf41",
                "sha256:a841dacd6b99318a741b166adb07e19ee71a274450e68237b4650ca1055ab128"
            ],
            "version": "==1.4.4"
        },
        "atpublic": {
            "hashes": [
                "sha256:3deaa4aed146bf4adf5a8e0f9e4f0096774169a7157621753aa408d9a180b8b5",
                "sha256:bb072b50e6484490404e5cb4034e782aaa339fdd6ac36434e53c10791aef18bf"
            ],
            "markers": "python_version >= '3.7'",
            "version": "==3.0.1"
        },
        "certifi": {
            "hashes": [
                "sha256:84c85a9078b11105f04f3036a9482ae10e4621616db313fe045dd24743a0820d",
                "sha256:fe86415d55e84719d75f8b69414f6438ac3547d2078ab91b67e779ef69378412"
            ],
            "markers": "python_version >= '3.6'",
            "version": "==2022.6.15"
        },
        "charset-normalizer": {
            "hashes": [
                "sha256:2857e29ff0d34db842cd7ca3230549d1a697f96ee6d3fb071cfa6c7393832597",
                "sha256:6881edbebdb17b39b4eaaa821b438bf6eddffb4468cf344f09f89def34a8b1df"
            ],
            "markers": "python_version >= '3.5'",
            "version": "==2.0.12"
        },
        "colorama": {
            "hashes": [
                "sha256:854bf444933e37f5824ae7bfc1e98d5bce2ebe4160d46b5edf346a89358e99da",
                "sha256:e6c6b4334fc50988a639d9b98aa429a0b57da6e17b9a44f0451f930b6967b7a4"
            ],
            "markers": "python_version >= '2.7' and python_version not in '3.0, 3.1, 3.2, 3.3, 3.4'",
            "version": "==0.4.5"
        },
        "configobj": {
            "hashes": [
                "sha256:a2f5650770e1c87fb335af19a9b7eb73fc05ccf22144eb68db7d00cd2bcb0902"
            ],
            "version": "==5.0.6"
        },
        "decorator": {
            "hashes": [
                "sha256:637996211036b6385ef91435e4fae22989472f9d571faba8927ba8253acbc330",
                "sha256:b8c3f85900b9dc423225913c5aace94729fe1fa9763b38939a95226f02d37186"
            ],
            "markers": "python_version >= '3.5'",
            "version": "==5.1.1"
        },
        "distro": {
            "hashes": [
                "sha256:151aeccf60c216402932b52e40ee477a939f8d58898927378a02abbe852c1c39",
                "sha256:d596311d707e692c2160c37807f83e3820c5d539d5a83e87cfb6babd8ba3a06b"
            ],
            "markers": "python_version >= '3.6'",
            "version": "==1.7.0"
        },
        "dpath": {
            "hashes": [
                "sha256:5a1ddae52233fbc8ef81b15fb85073a81126bb43698d3f3a1b6aaf561a46cdc0",
                "sha256:8c439bb1c3b3222427e9b8812701cd99a0ef3415ddbb7c03a2379f6989a03965"
            ],
            "markers": "python_version >= '3'",
            "version": "==2.0.6"
        },
        "dvc": {
            "hashes": [
                "sha256:04c82781483630ed1b29574a0e651b3c8fbd80ea834fc95c7bf6a4800abd92e4",
                "sha256:543e45800c4dba48d9272becaef3a5ed73803c6f28eb70191ae408f605e676d4"
            ],
            "index": "pypi",
            "version": "==0.94.0"
        },
        "filelock": {
            "hashes": [
                "sha256:37def7b658813cda163b56fc564cdc75e86d338246458c4c28ae84cabefa2404",
                "sha256:3a0fd85166ad9dbab54c9aec96737b744106dc5f15c0b09a6744a445299fcf04"
            ],
            "markers": "python_version >= '3.7'",
            "version": "==3.7.1"
        },
        "flatten-json": {
            "hashes": [
                "sha256:ee352333e8293e957ccb1b4597a111fc4f6da88ab74b8cb3f8f51eed1e12f500"
            ],
            "version": "==0.1.13"
        },
        "flufl.lock": {
            "hashes": [
                "sha256:1415f7d19d8dd96a58242e0efb90ce3cb1877fb545074ad8c1cae4cb7191fe01",
                "sha256:4731a98cf881cefc40c418f961f0238124e984f7c0f8d2db30afb017fbd26e05"
            ],
            "markers": "python_version >= '3.7'",
            "version": "==7.0"
        },
        "funcy": {
            "hashes": [
                "sha256:40b9b9a88141ae6a174df1a95861f2b82f2fdc17669080788b73a3ed9370e968",
                "sha256:ba7af5e58bfc69321aaf860a1547f18d35e145706b95d1b3c966abc4f0b60309"
            ],
            "version": "==1.17"
        },
        "future": {
            "hashes": [
                "sha256:b1bead90b70cf6ec3f0710ae53a525360fa360d306a86583adc6bf83a4db537d"
            ],
            "markers": "python_version >= '2.6' and python_version not in '3.0, 3.1, 3.2, 3.3'",
            "version": "==0.18.2"
        },
        "gdown": {
            "hashes": [
                "sha256:5e0343c4af467c94928067a4f51adcb134731ebfe821ccfec01d17a3ead71954"
            ],
            "index": "pypi",
            "version": "==3.11.0"
        },
        "gitdb": {
            "hashes": [
                "sha256:8033ad4e853066ba6ca92050b9df2f89301b8fc8bf7e9324d412a63f8bf1a8fd",
                "sha256:bac2fd45c0a1c9cf619e63a90d62bdc63892ef92387424b855792a6cabe789aa"
            ],
            "markers": "python_version >= '3.6'",
            "version": "==4.0.9"
        },
        "gitpython": {
            "hashes": [
                "sha256:1c885ce809e8ba2d88a29befeb385fcea06338d3640712b59ca623c220bb5704",
                "sha256:5b68b000463593e05ff2b261acff0ff0972df8ab1b70d3cdbd41b546c8b8fc3d"
            ],
            "markers": "python_version >= '3.7'",
            "version": "==3.1.27"
        },
        "grandalf": {
            "hashes": [
                "sha256:357946e2fd35fc92c327cf3c091acc5aef93e0c74c60fed0a727d827ab3b1272",
                "sha256:51e34e141be2dd19bca74448918ebce88c1cd95498842a13d191df0a52a3955a",
                "sha256:7471db231bd7338bc0035b16edf0dc0c900c82d23060f4b4d0c4304caedda6e4",
                "sha256:aa985ba9992aba30e9c09d3cd9574054268b74ff2d34ced68aa9e7ca698724b0",
                "sha256:d671fdfa5310f2639538b6c858c4b1aef7755535ccfcb9c1cdf0d29171326add"
            ],
            "version": "==0.6"
        },
        "humanize": {
            "hashes": [
                "sha256:b79797c101f274a19ed7b5f0cd3aa65e1aa379868b974692a9d3129ccc311be2",
                "sha256:f5f34d4a1112b5e3ce9a2cc674e606e3e1fc07a1a0f185444a1e5fe826264b01"
            ],
            "markers": "python_version >= '3.7'",
            "version": "==4.2.0"
        },
        "idna": {
            "hashes": [
                "sha256:84d9dd047ffa80596e0f246e2eab0b391788b0503584e8945f2368256d2735ff",
                "sha256:9d643ff0a55b762d5cdb124b8eaa99c66322e2157b69160bc32796e824360e6d"
            ],
            "markers": "python_version >= '3.5'",
            "version": "==3.3"
        },
        "importlib-metadata": {
            "hashes": [
                "sha256:5d26852efe48c0a32b0509ffbc583fda1a2266545a78d104a6f4aff3db17d700",
                "sha256:c58c8eb8a762858f49e18436ff552e83914778e50e9d2f1660535ffb364552ec"
            ],
            "markers": "python_version >= '3.7'",
            "version": "==4.11.4"
        },
        "inflect": {
            "hashes": [
                "sha256:48a35748cd695881722699d074a61166a2b591cc8c65d5c95d00e59c847b01c2",
                "sha256:ee7c9b7c3376d06828b205460afb3c447b5d25dd653171db249a238f3fc2c18a"
            ],
            "markers": "python_version >= '2.7' and python_version not in '3.0, 3.1, 3.2, 3.3, 3.4'",
            "version": "==3.0.2"
        },
        "joblib": {
            "hashes": [
                "sha256:4158fcecd13733f8be669be0683b96ebdbbd38d23559f54dca7205aea1bf1e35",
                "sha256:f21f109b3c7ff9d95f8387f752d0d9c34a02aa2f7060c2135f465da0e5160ff6"
            ],
            "markers": "python_version >= '3.6'",
            "version": "==1.1.0"
        },
        "jsonpath-ng": {
            "hashes": [
                "sha256:292a93569d74029ba75ac2dc3d3630fc0e17b2df26119a165fa1d498ca47bf65",
                "sha256:a273b182a82c1256daab86a313b937059261b5c5f8c4fa3fc38b882b344dd567",
                "sha256:f75b95dbecb8a0f3b86fd2ead21c2b022c3f5770957492b9b6196ecccfeb10aa"
            ],
            "version": "==1.5.3"
        },
        "nanotime": {
            "hashes": [
                "sha256:c7cc231fc5f6db401b448d7ab51c96d0a4733f4b69fabe569a576f89ffdf966b"
            ],
            "version": "==0.5.2"
        },
        "networkx": {
            "hashes": [
                "sha256:8311ddef63cf5c5c5e7c1d0212dd141d9a1fe3f474915281b73597ed5f1d4e3d"
            ],
            "markers": "python_version >= '3.5'",
            "version": "==2.3"
        },
        "numpy": {
            "hashes": [
                "sha256:0cfe07133fd00b27edee5e6385e333e9eeb010607e8a46e1cd673f05f8596595",
                "sha256:11a1f3816ea82eed4178102c56281782690ab5993251fdfd75039aad4d20385f",
                "sha256:2762331de395739c91f1abb88041f94a080cb1143aeec791b3b223976228af3f",
                "sha256:283d9de87c0133ef98f93dfc09fad3fb382f2a15580de75c02b5bb36a5a159a5",
                "sha256:3d22662b4b10112c545c91a0741f2436f8ca979ab3d69d03d19322aa970f9695",
                "sha256:41388e32e40b41dd56eb37fcaa7488b2b47b0adf77c66154d6b89622c110dfe9",
                "sha256:42c16cec1c8cf2728f1d539bd55aaa9d6bb48a7de2f41eb944697293ef65a559",
                "sha256:47ee7a839f5885bc0c63a74aabb91f6f40d7d7b639253768c4199b37aede7982",
                "sha256:5a311ee4d983c487a0ab546708edbdd759393a3dc9cd30305170149fedd23c88",
                "sha256:5dc65644f75a4c2970f21394ad8bea1a844104f0fe01f278631be1c7eae27226",
                "sha256:6ed0d073a9c54ac40c41a9c2d53fcc3d4d4ed607670b9e7b0de1ba13b4cbfe6f",
                "sha256:76ba7c40e80f9dc815c5e896330700fd6e20814e69da9c1267d65a4d051080f1",
                "sha256:818b9be7900e8dc23e013a92779135623476f44a0de58b40c32a15368c01d471",
                "sha256:a024181d7aef0004d76fb3bce2a4c9f2e67a609a9e2a6ff2571d30e9976aa383",
                "sha256:a955e4128ac36797aaffd49ab44ec74a71c11d6938df83b1285492d277db5397",
                "sha256:a97a954a8c2f046d3817c2bce16e3c7e9a9c2afffaf0400f5c16df5172a67c9c",
                "sha256:a97e82c39d9856fe7d4f9b86d8a1e66eff99cf3a8b7ba48202f659703d27c46f",
                "sha256:b55b953a1bdb465f4dc181758570d321db4ac23005f90ffd2b434cc6609a63dd",
                "sha256:bb02929b0d6bfab4c48a79bd805bd7419114606947ec8284476167415171f55b",
                "sha256:bece0a4a49e60e472a6d1f70ac6cdea00f9ab80ff01132f96bd970cdd8a9e5a9",
                "sha256:e41e8951749c4b5c9a2dc5fdbc1a4eec6ab2a140fdae9b460b0f557eed870f4d",
                "sha256:f71d57cc8645f14816ae249407d309be250ad8de93ef61d9709b45a0ddf4050c"
            ],
            "index": "pypi",
            "version": "==1.22.0"
        },
        "packaging": {
            "hashes": [
                "sha256:dd47c42927d89ab911e606518907cc2d3a1f38bbd026385970643f9c5b8ecfeb",
                "sha256:ef103e05f519cdc783ae24ea4e2e0f508a9c99b2d4969652eed6a2e1ea5bd522"
            ],
            "markers": "python_version >= '3.6'",
            "version": "==21.3"
        },
        "pandas": {
            "hashes": [
                "sha256:07c1b58936b80eafdfe694ce964ac21567b80a48d972879a359b3ebb2ea76835",
                "sha256:0ebe327fb088df4d06145227a4aa0998e4f80a9e6aed4b61c1f303bdfdf7c722",
                "sha256:11c7cb654cd3a0e9c54d81761b5920cdc86b373510d829461d8f2ed6d5905266",
                "sha256:12f492dd840e9db1688126216706aa2d1fcd3f4df68a195f9479272d50054645",
                "sha256:167a1315367cea6ec6a5e11e791d9604f8e03f95b57ad227409de35cf850c9c5",
                "sha256:1a7c56f1df8d5ad8571fa251b864231f26b47b59cbe41aa5c0983d17dbb7a8e4",
                "sha256:1fa4bae1a6784aa550a1c9e168422798104a85bf9c77a1063ea77ee6f8452e3a",
                "sha256:32f42e322fb903d0e189a4c10b75ba70d90958cc4f66a1781ed027f1a1d14586",
                "sha256:387dc7b3c0424327fe3218f81e05fc27832772a5dffbed385013161be58df90b",
                "sha256:6597df07ea361231e60c00692d8a8099b519ed741c04e65821e632bc9ccb924c",
                "sha256:743bba36e99d4440403beb45a6f4f3a667c090c00394c176092b0b910666189b",
                "sha256:858a0d890d957ae62338624e4aeaf1de436dba2c2c0772570a686eaca8b4fc85",
                "sha256:863c3e4b7ae550749a0bb77fa22e601a36df9d2905afef34a6965bed092ba9e5",
                "sha256:a210c91a02ec5ff05617a298ad6f137b9f6f5771bf31f2d6b6367d7f71486639",
                "sha256:ca84a44cf727f211752e91eab2d1c6c1ab0f0540d5636a8382a3af428542826e",
                "sha256:d234bcf669e8b4d6cbcd99e3ce7a8918414520aeb113e2a81aeb02d0a533d7f7"
            ],
            "index": "pypi",
            "version": "==1.0.3"
        },
        "pathspec": {
            "hashes": [
                "sha256:7d15c4ddb0b5c802d161efc417ec1a2558ea2653c2e8ad9c19098201dc1c993a",
                "sha256:e564499435a2673d586f6b2130bb5b95f04a3ba06f81b8f895b651a3c76aabb1"
            ],
            "version": "==0.9.0"
        },
        "ply": {
            "hashes": [
                "sha256:00c7c1aaa88358b9c765b6d3000c6eec0ba42abca5351b095321aef446081da3",
                "sha256:096f9b8350b65ebd2fd1346b12452efe5b9607f7482813ffca50c22722a807ce"
            ],
            "version": "==3.11"
        },
        "psutil": {
            "hashes": [
                "sha256:068935df39055bf27a29824b95c801c7a5130f118b806eee663cad28dca97685",
                "sha256:0904727e0b0a038830b019551cf3204dd48ef5c6868adc776e06e93d615fc5fc",
                "sha256:0f15a19a05f39a09327345bc279c1ba4a8cfb0172cc0d3c7f7d16c813b2e7d36",
                "sha256:19f36c16012ba9cfc742604df189f2f28d2720e23ff7d1e81602dbe066be9fd1",
                "sha256:20b27771b077dcaa0de1de3ad52d22538fe101f9946d6dc7869e6f694f079329",
                "sha256:28976df6c64ddd6320d281128817f32c29b539a52bdae5e192537bc338a9ec81",
                "sha256:29a442e25fab1f4d05e2655bb1b8ab6887981838d22effa2396d584b740194de",
                "sha256:3054e923204b8e9c23a55b23b6df73a8089ae1d075cb0bf711d3e9da1724ded4",
                "sha256:32c52611756096ae91f5d1499fe6c53b86f4a9ada147ee42db4991ba1520e574",
                "sha256:3a76ad658641172d9c6e593de6fe248ddde825b5866464c3b2ee26c35da9d237",
                "sha256:44d1826150d49ffd62035785a9e2c56afcea66e55b43b8b630d7706276e87f22",
                "sha256:4b6750a73a9c4a4e689490ccb862d53c7b976a2a35c4e1846d049dcc3f17d83b",
                "sha256:56960b9e8edcca1456f8c86a196f0c3d8e3e361320071c93378d41445ffd28b0",
                "sha256:57f1819b5d9e95cdfb0c881a8a5b7d542ed0b7c522d575706a80bedc848c8954",
                "sha256:58678bbadae12e0db55186dc58f2888839228ac9f41cc7848853539b70490021",
                "sha256:645bd4f7bb5b8633803e0b6746ff1628724668681a434482546887d22c7a9537",
                "sha256:799759d809c31aab5fe4579e50addf84565e71c1dc9f1c31258f159ff70d3f87",
                "sha256:79c9108d9aa7fa6fba6e668b61b82facc067a6b81517cab34d07a84aa89f3df0",
                "sha256:91c7ff2a40c373d0cc9121d54bc5f31c4fa09c346528e6a08d1845bce5771ffc",
                "sha256:9272167b5f5fbfe16945be3db475b3ce8d792386907e673a209da686176552af",
                "sha256:944c4b4b82dc4a1b805329c980f270f170fdc9945464223f2ec8e57563139cf4",
                "sha256:a6a11e48cb93a5fa606306493f439b4aa7c56cb03fc9ace7f6bfa21aaf07c453",
                "sha256:a8746bfe4e8f659528c5c7e9af5090c5a7d252f32b2e859c584ef7d8efb1e689",
                "sha256:abd9246e4cdd5b554a2ddd97c157e292ac11ef3e7af25ac56b08b455c829dca8",
                "sha256:b14ee12da9338f5e5b3a3ef7ca58b3cba30f5b66f7662159762932e6d0b8f680",
                "sha256:b88f75005586131276634027f4219d06e0561292be8bd6bc7f2f00bdabd63c4e",
                "sha256:c7be9d7f5b0d206f0bbc3794b8e16fb7dbc53ec9e40bbe8787c6f2d38efcf6c9",
                "sha256:d2d006286fbcb60f0b391741f520862e9b69f4019b4d738a2a45728c7e952f1b",
                "sha256:db417f0865f90bdc07fa30e1aadc69b6f4cad7f86324b02aa842034efe8d8c4d",
                "sha256:e7e10454cb1ab62cc6ce776e1c135a64045a11ec4c6d254d3f7689c16eb3efd2",
                "sha256:f65f9a46d984b8cd9b3750c2bdb419b2996895b005aefa6cbaba9a143b1ce2c5",
                "sha256:fea896b54f3a4ae6f790ac1d017101252c93f6fe075d0e7571543510f11d2676"
            ],
            "markers": "python_version >= '2.7' and python_version not in '3.0, 3.1, 3.2, 3.3'",
            "version": "==5.9.1"
        },
        "pyasn1": {
            "hashes": [
                "sha256:014c0e9976956a08139dc0712ae195324a75e142284d5f87f1a87ee1b068a359",
                "sha256:03840c999ba71680a131cfaee6fab142e1ed9bbd9c693e285cc6aca0d555e576",
                "sha256:0458773cfe65b153891ac249bcf1b5f8f320b7c2ce462151f8fa74de8934becf",
                "sha256:08c3c53b75eaa48d71cf8c710312316392ed40899cb34710d092e96745a358b7",
                "sha256:39c7e2ec30515947ff4e87fb6f456dfc6e84857d34be479c9d4a4ba4bf46aa5d",
                "sha256:5c9414dcfede6e441f7e8f81b43b34e834731003427e5b09e4e00e3172a10f00",
                "sha256:6e7545f1a61025a4e58bb336952c5061697da694db1cae97b116e9c46abcf7c8",
                "sha256:78fa6da68ed2727915c4767bb386ab32cdba863caa7dbe473eaae45f9959da86",
                "sha256:7ab8a544af125fb704feadb008c99a88805126fb525280b2270bb25cc1d78a12",
                "sha256:99fcc3c8d804d1bc6d9a099921e39d827026409a58f2a720dcdb89374ea0c776",
                "sha256:aef77c9fb94a3ac588e87841208bdec464471d9871bd5050a287cc9a475cd0ba",
                "sha256:e89bf84b5437b532b0803ba5c9a5e054d21fec423a89952a74f87fa2c9b7bce2",
                "sha256:fec3e9d8e36808a28efb59b489e4528c10ad0f480e57dcc32b4de5c9d8c9fdf3"
            ],
            "version": "==0.4.8"
        },
        "pydot": {
            "hashes": [
                "sha256:248081a39bcb56784deb018977e428605c1c758f10897a339fce1dd728ff007d",
                "sha256:66c98190c65b8d2e2382a441b4c0edfdb4f4c025ef9cb9874de478fb0793a451"
            ],
            "markers": "python_version >= '2.7' and python_version not in '3.0, 3.1, 3.2, 3.3'",
            "version": "==1.4.2"
        },
        "pygtrie": {
            "hashes": [
                "sha256:6299cdedd2cbdfda0895c2dbc43efe8828e698c62b574f3ef7e14b3253f80e23"
            ],
            "version": "==2.3.2"
        },
        "pyparsing": {
            "hashes": [
                "sha256:2b020ecf7d21b687f219b71ecad3631f644a47f01403fa1d1036b0c6416d70fb",
                "sha256:5026bae9a10eeaefb61dab2f09052b9f4307d44aee4eda64b309723d8d206bbc"
            ],
            "markers": "python_full_version >= '3.6.8'",
            "version": "==3.0.9"
        },
        "pysocks": {
            "hashes": [
                "sha256:08e69f092cc6dbe92a0fdd16eeb9b9ffbc13cadfe5ca4c7bd92ffb078b293299",
                "sha256:2725bd0a9925919b9b51739eea5f9e2bae91e83288108a9ad338b2e3a4435ee5",
                "sha256:3f8804571ebe159c380ac6de37643bb4685970655d3bba243530d6558b799aa0"
            ],
            "version": "==1.7.1"
        },
        "python-dateutil": {
            "hashes": [
                "sha256:0123cacc1627ae19ddf3c27a5de5bd67ee4586fbdd6440d9748f8abb483d3e86",
                "sha256:961d03dc3453ebbc59dbdea9e4e11c5651520a876d0f4db161e8674aae935da9"
            ],
            "markers": "python_version >= '2.7' and python_version not in '3.0, 3.1, 3.2, 3.3'",
            "version": "==2.8.2"
        },
        "pytz": {
            "hashes": [
                "sha256:1e760e2fe6a8163bc0b3d9a19c4f84342afa0a2affebfaa84b01b978a02ecaa7",
                "sha256:e68985985296d9a66a881eb3193b0906246245294a881e7c8afe623866ac6a5c"
            ],
            "version": "==2022.1"
        },
        "pyyaml": {
            "hashes": [
                "sha256:06a0d7ba600ce0b2d2fe2e78453a470b5a6e000a985dd4a4e54e436cc36b0e97",
                "sha256:240097ff019d7c70a4922b6869d8a86407758333f02203e0fc6ff79c5dcede76",
                "sha256:4f4b913ca1a7319b33cfb1369e91e50354d6f07a135f3b901aca02aa95940bd2",
                "sha256:6034f55dab5fea9e53f436aa68fa3ace2634918e8b5994d82f3621c04ff5ed2e",
                "sha256:69f00dca373f240f842b2931fb2c7e14ddbacd1397d57157a9b005a6a9942648",
                "sha256:73f099454b799e05e5ab51423c7bcf361c58d3206fa7b0d555426b1f4d9a3eaf",
                "sha256:74809a57b329d6cc0fdccee6318f44b9b8649961fa73144a98735b0aaf029f1f",
                "sha256:7739fc0fa8205b3ee8808aea45e968bc90082c10aef6ea95e855e10abf4a37b2",
                "sha256:95f71d2af0ff4227885f7a6605c37fd53d3a106fcab511b8860ecca9fcf400ee",
                "sha256:ad9c67312c84def58f3c04504727ca879cb0013b2517c85a9a253f0cb6380c0a",
                "sha256:b8eac752c5e14d3eca0e6dd9199cd627518cb5ec06add0de9d32baeee6fe645d",
                "sha256:cc8955cfbfc7a115fa81d85284ee61147059a753344bc51098f3ccd69b0d7e0c",
                "sha256:d13155f591e6fcc1ec3b30685d50bf0711574e2c0dfffd7644babf8b5102ca1a"
            ],
            "version": "==5.3.1"
        },
        "requests": {
            "extras": [

            ],
            "hashes": [
                "sha256:bc7861137fbce630f17b03d3ad02ad0bf978c844f3536d0edda6499dafce2b6f",
                "sha256:d568723a7ebd25875d8d1eaf5dfa068cd2fc8194b2e483d7b1f7c81918dbec6b"
            ],
            "markers": "python_version >= '3.7' and python_version < '4'",
            "version": "==2.28.0"
        },
        "ruamel.yaml": {
            "hashes": [
                "sha256:742b35d3d665023981bd6d16b3d24248ce5df75fdb4e2924e93a05c1f8b61ca7",
                "sha256:8b7ce697a2f212752a35c1ac414471dc16c424c9573be4926b56ff3f5d23b7af"
            ],
            "markers": "python_version >= '3'",
            "version": "==0.17.21"
        },
        "ruamel.yaml.clib": {
            "hashes": [
                "sha256:0847201b767447fc33b9c235780d3aa90357d20dd6108b92be544427bea197dd",
                "sha256:1070ba9dd7f9370d0513d649420c3b362ac2d687fe78c6e888f5b12bf8bc7bee",
                "sha256:1866cf2c284a03b9524a5cc00daca56d80057c5ce3cdc86a52020f4c720856f0",
                "sha256:221eca6f35076c6ae472a531afa1c223b9c29377e62936f61bc8e6e8bdc5f9e7",
                "sha256:31ea73e564a7b5fbbe8188ab8b334393e06d997914a4e184975348f204790277",
                "sha256:3fb9575a5acd13031c57a62cc7823e5d2ff8bc3835ba4d94b921b4e6ee664104",
                "sha256:4ff604ce439abb20794f05613c374759ce10e3595d1867764dd1ae675b85acbd",
                "sha256:6e7be2c5bcb297f5b82fee9c665eb2eb7001d1050deaba8471842979293a80b0",
                "sha256:72a2b8b2ff0a627496aad76f37a652bcef400fd861721744201ef1b45199ab78",
                "sha256:77df077d32921ad46f34816a9a16e6356d8100374579bc35e15bab5d4e9377de",
                "sha256:78988ed190206672da0f5d50c61afef8f67daa718d614377dcd5e3ed85ab4a99",
                "sha256:7b2927e92feb51d830f531de4ccb11b320255ee95e791022555971c466af4527",
                "sha256:7f7ecb53ae6848f959db6ae93bdff1740e651809780822270eab111500842a84",
                "sha256:825d5fccef6da42f3c8eccd4281af399f21c02b32d98e113dbc631ea6a6ecbc7",
                "sha256:846fc8336443106fe23f9b6d6b8c14a53d38cef9a375149d61f99d78782ea468",
                "sha256:89221ec6d6026f8ae859c09b9718799fea22c0e8da8b766b0b2c9a9ba2db326b",
                "sha256:9efef4aab5353387b07f6b22ace0867032b900d8e91674b5d8ea9150db5cae94",
                "sha256:a32f8d81ea0c6173ab1b3da956869114cae53ba1e9f72374032e33ba3118c233",
                "sha256:a49e0161897901d1ac9c4a79984b8410f450565bbad64dbfcbf76152743a0cdb",
                "sha256:ada3f400d9923a190ea8b59c8f60680c4ef8a4b0dfae134d2f2ff68429adfab5",
                "sha256:bf75d28fa071645c529b5474a550a44686821decebdd00e21127ef1fd566eabe",
                "sha256:cfdb9389d888c5b74af297e51ce357b800dd844898af9d4a547ffc143fa56751",
                "sha256:d67f273097c368265a7b81e152e07fb90ed395df6e552b9fa858c6d2c9f42502",
                "sha256:dc6a613d6c74eef5a14a214d433d06291526145431c3b964f5e16529b1842bed",
                "sha256:de9c6b8a1ba52919ae919f3ae96abb72b994dd0350226e28f3686cb4f142165c"
            ],
            "markers": "python_version < '3.11' and platform_python_implementation == 'CPython'",
            "version": "==0.2.6"
        },
        "scikit-learn": {
            "hashes": [
                "sha256:02f502b9ba70b4ffbcf8cfe89670eec91f2aaeacf06eed4d5deb26f29003bfd7",
                "sha256:0ee93f35416b3bd454746cbc465f0aa093c7e7a1e2a2c3b01fdfddc8554977fd",
                "sha256:22ad50d5f723d31c800668257fd5fa57b192efc7e6e14c22fcfac05b448861b3",
                "sha256:25072aacd7b48a7db49e7a47161c87307a68ed514735b9acdd005e5e6ca16644",
                "sha256:2c753a0183be9c1c1e95429ac1e31dcaeb02076b9ae50123af14c89684d59edb",
                "sha256:3a12a580e841e22e65c4b70a622c4d34338cf081689a27e03f169567effbe2ec",
                "sha256:4d04373c4bb1b97c786cd7fee92db63204699198e2e5b3744da287a825ec8fe8",
                "sha256:511e267853803ebf56333604be7b6ead373fa7c2314930a1fd7ad003b6347c04",
                "sha256:5c36671023d50eda1eb369eedc3989852248ac2ec11dcffb7d41d0412761f272",
                "sha256:639a53df6273acc6a7510fb0c658b94e0c70bb13dafff9d14932c981ff9baff4",
                "sha256:92d318c39ca5c3e193c6a4cb22df095a690ccf84dd83d9bede2e263e94bc5023",
                "sha256:9af0670cc1f9beb141b245bda3b73444d28d08bc0d4295b942ee8c49c7216686",
                "sha256:b25d8c6ff7e3fd1eb9d54b2159b8bd6adb2f0d625e0fe0e5418a5af37b1e9f22",
                "sha256:bb3ca700c3d89151424cc62d9149a59ed7b9b627ef5223e022b45b5d30938dd1",
                "sha256:f124dfd6a105673c783ff7e259ceab890dffcdb05ecd3f44783dda5b75efa863",
                "sha256:fa6acbb1646321d5a81bd56413e4cf9323ff96dfbaa61d0905bcac7557e97167"
            ],
            "index": "pypi",
            "version": "==0.23.0"
        },
        "scipy": {
            "hashes": [
                "sha256:02b567e722d62bddd4ac253dafb01ce7ed8742cf8031aea030a41414b86c1125",
                "sha256:1166514aa3bbf04cb5941027c6e294a000bba0cf00f5cdac6c77f2dad479b434",
                "sha256:1da52b45ce1a24a4a22db6c157c38b39885a990a566748fc904ec9f03ed8c6ba",
                "sha256:23b22fbeef3807966ea42d8163322366dd89da9bebdc075da7034cee3a1441ca",
                "sha256:28d2cab0c6ac5aa131cc5071a3a1d8e1366dad82288d9ec2ca44df78fb50e649",
                "sha256:2ef0fbc8bcf102c1998c1f16f15befe7cffba90895d6e84861cd6c6a33fb54f6",
                "sha256:3b69b90c9419884efeffaac2c38376d6ef566e6e730a231e15722b0ab58f0328",
                "sha256:4b93ec6f4c3c4d041b26b5f179a6aab8f5045423117ae7a45ba9710301d7e462",
                "sha256:4e53a55f6a4f22de01ffe1d2f016e30adedb67a699a310cdcac312806807ca81",
                "sha256:6311e3ae9cc75f77c33076cb2794fb0606f14c8f1b1c9ff8ce6005ba2c283621",
                "sha256:65b77f20202599c51eb2771d11a6b899b97989159b7975e9b5259594f1d35ef4",
                "sha256:6cc6b33139eb63f30725d5f7fa175763dc2df6a8f38ddf8df971f7c345b652dc",
                "sha256:70de2f11bf64ca9921fda018864c78af7147025e467ce9f4a11bc877266900a6",
                "sha256:70ebc84134cf0c504ce6a5f12d6db92cb2a8a53a49437a6bb4edca0bc101f11c",
                "sha256:83606129247e7610b58d0e1e93d2c5133959e9cf93555d3c27e536892f1ba1f2",
                "sha256:93d07494a8900d55492401917a119948ed330b8c3f1d700e0b904a578f10ead4",
                "sha256:9c4e3ae8a716c8b3151e16c05edb1daf4cb4d866caa385e861556aff41300c14",
                "sha256:9dd4012ac599a1e7eb63c114d1eee1bcfc6dc75a29b589ff0ad0bb3d9412034f",
                "sha256:9e3fb1b0e896f14a85aa9a28d5f755daaeeb54c897b746df7a55ccb02b340f33",
                "sha256:a0aa8220b89b2e3748a2836fbfa116194378910f1a6e78e4675a095bcd2c762d",
                "sha256:d3b3c8924252caaffc54d4a99f1360aeec001e61267595561089f8b5900821bb",
                "sha256:e013aed00ed776d790be4cb32826adb72799c61e318676172495383ba4570aa4",
                "sha256:f3e7a8867f307e3359cc0ed2c63b61a1e33a19080f92fe377bc7d49f646f2ec1"
            ],
            "markers": "python_version < '3.11' and python_version >= '3.8'",
            "version": "==1.8.1"
        },
        "setuptools": {
            "hashes": [
                "sha256:990a4f7861b31532871ab72331e755b5f14efbe52d336ea7f6118144dd478741",
                "sha256:c1848f654aea2e3526d17fc3ce6aeaa5e7e24e66e645b5be2171f3f6b4e5a178"
            ],
            "markers": "python_version >= '3.7'",
            "version": "==62.6.0"
        },
        "shortuuid": {
            "hashes": [
                "sha256:459f12fa1acc34ff213b1371467c0325169645a31ed989e268872339af7563d5",
                "sha256:b2bb9eb7773170e253bb7ba25971023acb473517a8b76803d9618668cb1dd46f"
            ],
            "markers": "python_version >= '3.5'",
            "version": "==1.0.9"
        },
        "six": {
            "hashes": [
                "sha256:1e61c37477a1626458e36f7b1d82aa5c9b094fa4802892072e49de9c60c4c926",
                "sha256:8abb2f1d86890a2dfb989f9a77cfcfd3e47c2a354b01111771326f8aa26e0254"
            ],
            "markers": "python_version >= '2.7' and python_version not in '3.0, 3.1, 3.2, 3.3'",
            "version": "==1.16.0"
        },
        "smmap": {
            "hashes": [
                "sha256:2aba19d6a040e78d8b09de5c57e96207b09ed71d8e55ce0959eeee6c8e190d94",
                "sha256:c840e62059cd3be204b0c9c9f74be2c09d5648eddd4580d9314c3ecde0b30936"
            ],
            "markers": "python_version >= '3.6'",
            "version": "==5.0.0"
        },
        "texttable": {
            "hashes": [
                "sha256:42ee7b9e15f7b225747c3fa08f43c5d6c83bc899f80ff9bae9319334824076e9",
                "sha256:dd2b0eaebb2a9e167d1cefedab4700e5dcbdb076114eed30b58b97ed6b37d6f2"
            ],
            "version": "==1.6.4"
        },
        "threadpoolctl": {
            "hashes": [
                "sha256:8b99adda265feb6773280df41eece7b2e6561b772d21ffd52e372f999024907b",
                "sha256:a335baacfaa4400ae1f0d8e3a58d6674d2f8828e3716bb2802c44955ad391380"
            ],
            "markers": "python_version >= '3.6'",
            "version": "==3.1.0"
        },
        "tqdm": {
            "hashes": [
                "sha256:40be55d30e200777a307a7585aee69e4eabb46b4ec6a4b4a5f2d9f11e7d5408d",
                "sha256:74a2cdefe14d11442cedf3ba4e21a3b84ff9a2dbdc6cfae2c34addb2a14a5ea6"
            ],
            "markers": "python_version >= '2.7' and python_version not in '3.0, 3.1, 3.2, 3.3'",
            "version": "==4.64.0"
        },
        "treelib": {
            "hashes": [
                "sha256:1cbfffb2d2b75ccac27d0200cee0507b6fbb0726e0afb9fae017ade5d2ce8788",
                "sha256:8065064e5b92f59400295c221226b65905fd219c6ea43971fa0676b9e7780095"
            ],
            "version": "==1.6.1"
        },
        "urllib3": {
            "hashes": [
                "sha256:44ece4d53fb1706f667c9bd1c648f5469a2ec925fcf3a776667042d645472c14",
                "sha256:aabaf16477806a5e1dd19aa41f8c2b7950dd3c746362d7e3223dbe6de6ac448e"
            ],
            "markers": "python_version >= '2.7' and python_version not in '3.0, 3.1, 3.2, 3.3, 3.4' and python_version < '4'",
            "version": "==1.26.9"
        },
        "voluptuous": {
            "hashes": [
                "sha256:4b838b185f5951f2d6e8752b68fcf18bd7a9c26ded8f143f92d6d28f3921a3e6",
                "sha256:e8d31c20601d6773cb14d4c0f42aee29c6821bbd1018039aac7ac5605b489723"
            ],
            "version": "==0.13.1"
        },
        "zc.lockfile": {
            "hashes": [
                "sha256:307ad78227e48be260e64896ec8886edc7eae22d8ec53e4d528ab5537a83203b",
                "sha256:cc33599b549f0c8a248cb72f3bf32d77712de1ff7ee8814312eb6456b42c015f"
            ],
            "version": "==2.0"
        },
        "zipp": {
            "hashes": [
                "sha256:56bf8aadb83c24db6c4b577e13de374ccfb67da2078beba1d037c17980bf43ad",
                "sha256:c4f6e5bbf48e74f7a38e7cc5b0480ff42b0ae5178957d564d18932525d5cf099"
            ],
            "markers": "python_version >= '3.7'",
            "version": "==3.8.0"
        }
    },
    "develop": {
        "appdirs": {
            "hashes": [
                "sha256:7d5d0167b2b1ba821647616af46a749d1c653740dd0d2415100fe26e27afdf41",
                "sha256:a841dacd6b99318a741b166adb07e19ee71a274450e68237b4650ca1055ab128"
            ],
            "version": "==1.4.4"
        },
        "attrs": {
            "hashes": [
                "sha256:2d27e3784d7a565d36ab851fe94887c5eccd6a463168875832a1be79c82828b4",
                "sha256:626ba8234211db98e869df76230a137c4c40a12d72445c45d5f5b716f076e2fd"
            ],
            "markers": "python_version >= '2.7' and python_version not in '3.0, 3.1, 3.2, 3.3, 3.4'",
            "version": "==21.4.0"
        },
        "black": {
            "hashes": [
                "sha256:1b30e59be925fafc1ee4565e5e08abef6b03fe455102883820fe5ee2e4734e0b",
                "sha256:c2edb73a08e9e0e6f65a0e6af18b059b8b1cdd5bef997d7a0b181df93dc81539"
            ],
            "index": "pypi",
            "version": "==19.10b0"
        },
        "click": {
            "hashes": [
                "sha256:7682dc8afb30297001674575ea00d1814d808d6a36af415a82bd481d37ba7b8e",
                "sha256:bb4d8133cb15a609f44e8213d9b391b0809795062913b383c62be0ee95b1db48"
            ],
            "markers": "python_version >= '3.7'",
            "version": "==8.1.3"
        },
        "flake8": {
            "hashes": [
                "sha256:6c1193b0c3f853ef763969238f6c81e9e63ace9d024518edc020d5f1d6d93195",
                "sha256:ea6623797bf9a52f4c9577d780da0bb17d65f870213f7b5bcc9fca82540c31d5"
            ],
            "index": "pypi",
            "version": "==3.8.1"
        },
        "isort": {
            "hashes": [
                "sha256:54da7e92468955c4fceacd0c86bd0ec997b0e1ee80d97f67c35a78b719dccab1",
                "sha256:6e811fcb295968434526407adb8796944f1988c5b65e8139058f2014cbe100fd"
            ],
            "index": "pypi",
            "version": "==4.3.21"
        },
        "mccabe": {
            "hashes": [
                "sha256:ab8a6258860da4b6677da4bd2fe5dc2c659cff31b3ee4f7f5d64e79735b80d42",
                "sha256:dd8d182285a0fe56bace7f45b5e7d1a6ebcbf524e8f3bd87eb0f125271b8831f"
            ],
            "version": "==0.6.1"
        },
        "pathspec": {
            "hashes": [
                "sha256:7d15c4ddb0b5c802d161efc417ec1a2558ea2653c2e8ad9c19098201dc1c993a",
                "sha256:e564499435a2673d586f6b2130bb5b95f04a3ba06f81b8f895b651a3c76aabb1"
            ],
            "version": "==0.9.0"
        },
        "pycodestyle": {
            "hashes": [
                "sha256:2295e7b2f6b5bd100585ebcb1f616591b652db8a741695b3d8f5d28bdc934367",
                "sha256:c58a7d2815e0e8d7972bf1803331fb0152f867bd89adf8a01dfd55085434192e"
            ],
            "markers": "python_version >= '2.7' and python_version not in '3.0, 3.1, 3.2, 3.3'",
            "version": "==2.6.0"
        },
        "pyflakes": {
            "hashes": [
                "sha256:0d94e0e05a19e57a99444b6ddcf9a6eb2e5c68d3ca1e98e90707af8152c90a92",
                "sha256:35b2d75ee967ea93b55750aa9edbbf72813e06a66ba54438df2cfac9e3c27fc8"
            ],
            "markers": "python_version >= '2.7' and python_version not in '3.0, 3.1, 3.2, 3.3'",
            "version": "==2.2.0"
        },
        "regex": {
            "hashes": [
                "sha256:042d122f9fee3ceb6d7e3067d56557df697d1aad4ff5f64ecce4dc13a90a7c01",
                "sha256:047b2d1323a51190c01b6604f49fe09682a5c85d3c1b2c8b67c1cd68419ce3c4",
                "sha256:0afa6a601acf3c0dc6de4e8d7d8bbce4e82f8542df746226cd35d4a6c15e9456",
                "sha256:166ae7674d0a0e0f8044e7335ba86d0716c9d49465cff1b153f908e0470b8300",
                "sha256:17443f99b8f255273731f915fdbfea4d78d809bb9c3aaf67b889039825d06515",
                "sha256:17764683ea01c2b8f103d99ae9de2473a74340df13ce306c49a721f0b1f0eb9e",
                "sha256:179410c79fa86ef318d58ace233f95b87b05a1db6dc493fa29404a43f4b215e2",
                "sha256:186c5a4a4c40621f64d771038ede20fca6c61a9faa8178f9e305aaa0c2442a97",
                "sha256:1a6f2698cfa8340dfe4c0597782776b393ba2274fe4c079900c7c74f68752705",
                "sha256:1ab5cf7d09515548044e69d3a0ec77c63d7b9dfff4afc19653f638b992573126",
                "sha256:1c1264eb40a71cf2bff43d6694ab7254438ca19ef330175060262b3c8dd3931a",
                "sha256:1fc26bb3415e7aa7495c000a2c13bf08ce037775db98c1a3fac9ff04478b6930",
                "sha256:24908aefed23dd065b4a668c0b4ca04d56b7f09d8c8e89636cf6c24e64e67a1e",
                "sha256:249437f7f5b233792234aeeecb14b0aab1566280de42dfc97c26e6f718297d68",
                "sha256:24963f0b13cc63db336d8da2a533986419890d128c551baacd934c249d51a779",
                "sha256:26dbe90b724efef7820c3cf4a0e5be7f130149f3d2762782e4e8ac2aea284a0b",
                "sha256:27624b490b5d8880f25dac67e1e2ea93dfef5300b98c6755f585799230d6c746",
                "sha256:2ac29b834100d2c171085ceba0d4a1e7046c434ddffc1434dbc7f9d59af1e945",
                "sha256:2f4c101746a8dac0401abefa716b357c546e61ea2e3d4a564a9db9eac57ccbce",
                "sha256:30637e7fa4acfed444525b1ab9683f714be617862820578c9fd4e944d4d9ad1f",
                "sha256:3adafe6f2c6d86dbf3313866b61180530ca4dcd0c264932dc8fa1ffb10871d58",
                "sha256:3b9b6289e03dbe6a6096880d8ac166cb23c38b4896ad235edee789d4e8697152",
                "sha256:3de1ecf26ce85521bf73897828b6d0687cc6cf271fb6ff32ac63d26b21f5e764",
                "sha256:48dddddce0ea7e7c3e92c1e0c5a28c13ca4dc9cf7e996c706d00479652bff76c",
                "sha256:495a4165172848503303ed05c9d0409428f789acc27050fe2cf0a4549188a7d5",
                "sha256:4a11cbe8eb5fb332ae474895b5ead99392a4ea568bd2a258ab8df883e9c2bf92",
                "sha256:4a5449adef907919d4ce7a1eab2e27d0211d1b255bf0b8f5dd330ad8707e0fc3",
                "sha256:4b8838f70be3ce9e706df9d72f88a0aa7d4c1fea61488e06fdf292ccb70ad2be",
                "sha256:4d206703a96a39763b5b45cf42645776f5553768ea7f3c2c1a39a4f59cafd4ba",
                "sha256:4d42e3b7b23473729adbf76103e7df75f9167a5a80b1257ca30688352b4bb2dc",
                "sha256:52684da32d9003367dc1a1c07e059b9bbaf135ad0764cd47d8ac3dba2df109bc",
                "sha256:53d69d77e9cfe468b000314dd656be85bb9e96de088a64f75fe128dfe1bf30dd",
                "sha256:555f7596fd1f123f8c3a67974c01d6ef80b9769e04d660d6c1a7cc3e6cff7069",
                "sha256:5aba3d13c77173e9bfed2c2cea7fc319f11c89a36fcec08755e8fb169cf3b0df",
                "sha256:5c8d61883a38b1289fba9944a19a361875b5c0170b83cdcc95ea180247c1b7d3",
                "sha256:5e201b1232d81ca1a7a22ab2f08e1eccad4e111579fd7f3bbf60b21ef4a16cea",
                "sha256:663dca677bd3d2e2b5b7d0329e9f24247e6f38f3b740dd9a778a8ef41a76af41",
                "sha256:67ae3601edf86e15ebe40885e5bfdd6002d34879070be15cf18fc0d80ea24fed",
                "sha256:68e5c641645351eb9eb12c465876e76b53717f99e9b92aea7a2dd645a87aa7aa",
                "sha256:71988a76fcb68cc091e901fddbcac0f9ad9a475da222c47d3cf8db0876cb5344",
                "sha256:775694cd0bb2c4accf2f1cdd007381b33ec8b59842736fe61bdbad45f2ac7427",
                "sha256:7f648037c503985aed39f85088acab6f1eb6a0482d7c6c665a5712c9ad9eaefc",
                "sha256:809bbbbbcf8258049b031d80932ba71627d2274029386f0452e9950bcfa2c6e8",
                "sha256:8fd5f8ae42f789538bb634bdfd69b9aa357e76fdfd7ad720f32f8994c0d84f1e",
                "sha256:933e72fbe1829cbd59da2bc51ccd73d73162f087f88521a87a8ec9cb0cf10fa8",
                "sha256:9c1f62ee2ba880e221bc950651a1a4b0176083d70a066c83a50ef0cb9b178e12",
                "sha256:9faa01818dad9111dbf2af26c6e3c45140ccbd1192c3a0981f196255bf7ec5e6",
                "sha256:a58d21dd1a2d6b50ed091554ff85e448fce3fe33a4db8b55d0eba2ca957ed626",
                "sha256:a8a08ace913c4101f0dc0be605c108a3761842efd5f41a3005565ee5d169fb2b",
                "sha256:b2932e728bee0a634fe55ee54d598054a5a9ffe4cd2be21ba2b4b8e5f8064c2c",
                "sha256:b5f759a1726b995dc896e86f17f9c0582b54eb4ead00ed5ef0b5b22260eaf2d0",
                "sha256:bc635ab319c9b515236bdf327530acda99be995f9d3b9f148ab1f60b2431e970",
                "sha256:be456b4313a86be41706319c397c09d9fdd2e5cdfde208292a277b867e99e3d1",
                "sha256:be57f9c7b0b423c66c266a26ad143b2c5514997c05dd32ce7ca95c8b209c2288",
                "sha256:c1ea28f0ee6cbe4c0367c939b015d915aa9875f6e061ba1cf0796ca9a3010570",
                "sha256:c3db393b21b53d7e1d3f881b64c29d886cbfdd3df007e31de68b329edbab7d02",
                "sha256:c400dfed4137f32127ea4063447006d7153c974c680bf0fb1b724cce9f8567fc",
                "sha256:c5429202bef174a3760690d912e3a80060b323199a61cef6c6c29b30ce09fd17",
                "sha256:c5eac5d8a8ac9ccf00805d02a968a36f5c967db6c7d2b747ab9ed782b3b3a28b",
                "sha256:c757f3a27b6345de13ef3ca956aa805d7734ce68023e84d0fc74e1f09ce66f7a",
                "sha256:ceff75127f828dfe7ceb17b94113ec2df4df274c4cd5533bb299cb099a18a8ca",
                "sha256:cff5c87e941292c97d11dc81bd20679f56a2830f0f0e32f75b8ed6e0eb40f704",
                "sha256:d70596f20a03cb5f935d6e4aad9170a490d88fc4633679bf00c652e9def4619e",
                "sha256:e7b2ff451f6c305b516281ec45425dd423223c8063218c5310d6f72a0a7a517c",
                "sha256:e85b10280cf1e334a7c95629f6cbbfe30b815a4ea5f1e28d31f79eb92c2c3d93",
                "sha256:ecd2b5d983eb0adf2049d41f95205bdc3de4e6cc2350e9c80d4409d3a75229de",
                "sha256:ed657a07d8a47ef447224ea00478f1c7095065dfe70a89e7280e5f50a5725131",
                "sha256:f43522fb5d676c99282ca4e2d41e8e2388427c0cf703db6b4a66e49b10b699a8",
                "sha256:f57823f35b18d82b201c1b27ce4e55f88e79e81d9ca07b50ce625d33823e1439",
                "sha256:f7b43acb2c46fb2cd506965b2d9cf4c5e64c9c612bac26c1187933c7296bf08c",
                "sha256:fa7c7044aabdad2329974be2246babcc21d3ede852b3971a90fd8c2056c20360",
                "sha256:fcd7c432202bcb8b642c3f43d5bcafc5930d82fe5b2bf2c008162df258445c1d",
                "sha256:fdecb225d0f1d50d4b26ac423e0032e76d46a788b83b4e299a520717a47d968c",
                "sha256:ffef4b30785dc2d1604dfb7cf9fca5dc27cd86d65f7c2a9ec34d6d3ae4565ec2"
            ],
            "markers": "python_version >= '3.6'",
            "version": "==2022.6.2"
        },
        "toml": {
            "hashes": [
                "sha256:806143ae5bfb6a3c6e736a764057db0e6a0e05e338b5630894a5f779cabb4f9b",
                "sha256:b3bda1d108d5dd99f4a20d24d9c348e91c4db7ab1b749200bded2f839ccbe68f"
            ],
            "markers": "python_version >= '2.6' and python_version not in '3.0, 3.1, 3.2, 3.3'",
            "version": "==0.10.2"
        },
        "typed-ast": {
            "hashes": [
                "sha256:0261195c2062caf107831e92a76764c81227dae162c4f75192c0d489faf751a2",
                "sha256:0fdbcf2fef0ca421a3f5912555804296f0b0960f0418c440f5d6d3abb549f3e1",
                "sha256:183afdf0ec5b1b211724dfef3d2cad2d767cbefac291f24d69b00546c1837fb6",
                "sha256:211260621ab1cd7324e0798d6be953d00b74e0428382991adfddb352252f1d62",
                "sha256:267e3f78697a6c00c689c03db4876dd1efdfea2f251a5ad6555e82a26847b4ac",
                "sha256:2efae9db7a8c05ad5547d522e7dbe62c83d838d3906a3716d1478b6c1d61388d",
                "sha256:370788a63915e82fd6f212865a596a0fefcbb7d408bbbb13dea723d971ed8bdc",
                "sha256:39e21ceb7388e4bb37f4c679d72707ed46c2fbf2a5609b8b8ebc4b067d977df2",
                "sha256:3e123d878ba170397916557d31c8f589951e353cc95fb7f24f6bb69adc1a8a97",
                "sha256:4879da6c9b73443f97e731b617184a596ac1235fe91f98d279a7af36c796da35",
                "sha256:4e964b4ff86550a7a7d56345c7864b18f403f5bd7380edf44a3c1fb4ee7ac6c6",
                "sha256:639c5f0b21776605dd6c9dbe592d5228f021404dafd377e2b7ac046b0349b1a1",
                "sha256:669dd0c4167f6f2cd9f57041e03c3c2ebf9063d0757dc89f79ba1daa2bfca9d4",
                "sha256:6778e1b2f81dfc7bc58e4b259363b83d2e509a65198e85d5700dfae4c6c8ff1c",
                "sha256:683407d92dc953c8a7347119596f0b0e6c55eb98ebebd9b23437501b28dcbb8e",
                "sha256:79b1e0869db7c830ba6a981d58711c88b6677506e648496b1f64ac7d15633aec",
                "sha256:7d5d014b7daa8b0bf2eaef684295acae12b036d79f54178b92a2b6a56f92278f",
                "sha256:98f80dee3c03455e92796b58b98ff6ca0b2a6f652120c263efdba4d6c5e58f72",
                "sha256:a94d55d142c9265f4ea46fab70977a1944ecae359ae867397757d836ea5a3f47",
                "sha256:a9916d2bb8865f973824fb47436fa45e1ebf2efd920f2b9f99342cb7fab93f72",
                "sha256:c542eeda69212fa10a7ada75e668876fdec5f856cd3d06829e6aa64ad17c8dfe",
                "sha256:cf4afcfac006ece570e32d6fa90ab74a17245b83dfd6655a6f68568098345ff6",
                "sha256:ebd9d7f80ccf7a82ac5f88c521115cc55d84e35bf8b446fcd7836eb6b98929a3",
                "sha256:ed855bbe3eb3715fca349c80174cfcfd699c2f9de574d40527b8429acae23a66"
            ],
            "markers": "python_version >= '3.6'",
            "version": "==1.5.4"
        }
    }
}
